
Microsoft Visual Studio Solution File, Format Version 12.00
# Visual Studio Version 17
VisualStudioVersion = 17.0.31903.59
MinimumVisualStudioVersion = 10.0.40219.1
Project("{FAE04EC0-301F-11D3-BF4B-00C04F79EFBC}") = "Demo.api", "src\Demo.api\Demo.api.csproj", "{780B8679-E51C-4BDA-AE2B-F2ABDCE6BC41}"
EndProject
Project("{FAE04EC0-301F-11D3-BF4B-00C04F79EFBC}") = "Demo.Infrastructure.EntityFramework", "src\Demo.Infrastructure.EntityFramework\Demo.Infrastructure.EntityFramework.csproj", "{D1426AE4-3709-40B0-8CBF-124C344CF366}"
EndProject
Global
	GlobalSection(SolutionConfigurationPlatforms) = preSolution
		Debug|Any CPU = Debug|Any CPU
		Release|Any CPU = Release|Any CPU
	EndGlobalSection
	GlobalSection(SolutionProperties) = preSolution
		HideSolutionNode = FALSE
	EndGlobalSection
	GlobalSection(ProjectConfigurationPlatforms) = postSolution
		{780B8679-E51C-4BDA-AE2B-F2ABDCE6BC41}.Debug|Any CPU.ActiveCfg = Debug|Any CPU
		{780B8679-E51C-4BDA-AE2B-F2ABDCE6BC41}.Debug|Any CPU.Build.0 = Debug|Any CPU
		{780B8679-E51C-4BDA-AE2B-F2ABDCE6BC41}.Release|Any CPU.ActiveCfg = Release|Any CPU
		{780B8679-E51C-4BDA-AE2B-F2ABDCE6BC41}.Release|Any CPU.Build.0 = Release|Any CPU
		{D1426AE4-3709-40B0-8CBF-124C344CF366}.Debug|Any CPU.ActiveCfg = Debug|Any CPU
		{D1426AE4-3709-40B0-8CBF-124C344CF366}.Debug|Any CPU.Build.0 = Debug|Any CPU
		{D1426AE4-3709-40B0-8CBF-124C344CF366}.Release|Any CPU.ActiveCfg = Release|Any CPU
		{D1426AE4-3709-40B0-8CBF-124C344CF366}.Release|Any CPU.Build.0 = Release|Any CPU
	EndGlobalSection
	GlobalSection(NestedProjects) = preSolution
	EndGlobalSection
EndGlobal
